// !$*UTF8*$!
{
	archiveVersion = 1;
	classes = {
	};
	objectVersion = 46;
	objects = {

/* Begin PBXBuildFile section */
		378BC4A8EF968442044135AC /* libPods-ATMLocatorUITests.a in Frameworks */ = {isa = PBXBuildFile; fileRef = F53AAB7DEA642C7D5BA0C6EF /* libPods-ATMLocatorUITests.a */; };
		60A603FB7F7CD1E6506236A3 /* libPods-ATMLocator.a in Frameworks */ = {isa = PBXBuildFile; fileRef = 2A117D1E567D3CBF6DFC5901 /* libPods-ATMLocator.a */; };
		6F4FE8191DA2962F0041BC6F /* AppDelegate.swift in Sources */ = {isa = PBXBuildFile; fileRef = 6F4FE8181DA2962F0041BC6F /* AppDelegate.swift */; };
		6F4FE81B1DA2962F0041BC6F /* ViewController.swift in Sources */ = {isa = PBXBuildFile; fileRef = 6F4FE81A1DA2962F0041BC6F /* ViewController.swift */; };
		6F4FE81E1DA2962F0041BC6F /* Main.storyboard in Resources */ = {isa = PBXBuildFile; fileRef = 6F4FE81C1DA2962F0041BC6F /* Main.storyboard */; };
		6F4FE8201DA2962F0041BC6F /* Assets.xcassets in Resources */ = {isa = PBXBuildFile; fileRef = 6F4FE81F1DA2962F0041BC6F /* Assets.xcassets */; };
		6F4FE8231DA2962F0041BC6F /* LaunchScreen.storyboard in Resources */ = {isa = PBXBuildFile; fileRef = 6F4FE8211DA2962F0041BC6F /* LaunchScreen.storyboard */; };
		6F4FE82E1DA2962F0041BC6F /* ATMLocatorTests.swift in Sources */ = {isa = PBXBuildFile; fileRef = 6F4FE82D1DA2962F0041BC6F /* ATMLocatorTests.swift */; };
		6F4FE8391DA2962F0041BC6F /* ATMLocatorUITests.swift in Sources */ = {isa = PBXBuildFile; fileRef = 6F4FE8381DA2962F0041BC6F /* ATMLocatorUITests.swift */; };
		6F4FE8501DA2A4D40041BC6F /* JPMCWebServices.swift in Sources */ = {isa = PBXBuildFile; fileRef = 6F4FE84F1DA2A4D40041BC6F /* JPMCWebServices.swift */; };
		6F4FE8511DA2A4D40041BC6F /* JPMCWebServices.swift in Sources */ = {isa = PBXBuildFile; fileRef = 6F4FE84F1DA2A4D40041BC6F /* JPMCWebServices.swift */; };
		6F4FE8521DA2A4D40041BC6F /* JPMCWebServices.swift in Sources */ = {isa = PBXBuildFile; fileRef = 6F4FE84F1DA2A4D40041BC6F /* JPMCWebServices.swift */; };
		6F4FE8551DA2A50C0041BC6F /* JPMCConstants.swift in Sources */ = {isa = PBXBuildFile; fileRef = 6F4FE8541DA2A50C0041BC6F /* JPMCConstants.swift */; };
		6F4FE8561DA2A50C0041BC6F /* JPMCConstants.swift in Sources */ = {isa = PBXBuildFile; fileRef = 6F4FE8541DA2A50C0041BC6F /* JPMCConstants.swift */; };
		6F4FE8571DA2A50C0041BC6F /* JPMCConstants.swift in Sources */ = {isa = PBXBuildFile; fileRef = 6F4FE8541DA2A50C0041BC6F /* JPMCConstants.swift */; };
		6F4FE85A1DA30A8B0041BC6F /* LocationDetailModel.swift in Sources */ = {isa = PBXBuildFile; fileRef = 6F4FE8591DA30A8B0041BC6F /* LocationDetailModel.swift */; };
		6F4FE85B1DA30A8B0041BC6F /* LocationDetailModel.swift in Sources */ = {isa = PBXBuildFile; fileRef = 6F4FE8591DA30A8B0041BC6F /* LocationDetailModel.swift */; };
		6F4FE85C1DA30A8B0041BC6F /* LocationDetailModel.swift in Sources */ = {isa = PBXBuildFile; fileRef = 6F4FE8591DA30A8B0041BC6F /* LocationDetailModel.swift */; };
		6F6E2E821DA3DA9A009C847F /* ATMLocationDetailVC.swift in Sources */ = {isa = PBXBuildFile; fileRef = 6F6E2E811DA3DA9A009C847F /* ATMLocationDetailVC.swift */; };
		6F6E2E851DA42DAA009C847F /* App Config.plist in Resources */ = {isa = PBXBuildFile; fileRef = 6F6E2E841DA42DAA009C847F /* App Config.plist */; };
		6F6E2E871DA42E6A009C847F /* ATMUtility.swift in Sources */ = {isa = PBXBuildFile; fileRef = 6F6E2E861DA42E6A009C847F /* ATMUtility.swift */; };
		6F7C87D91DA6AE7B008D72CE /* ATMLocatorMapUITests.swift in Sources */ = {isa = PBXBuildFile; fileRef = 6F7C87D81DA6AE7B008D72CE /* ATMLocatorMapUITests.swift */; };
		6F7C87DB1DA6EF4B008D72CE /* Localizable.strings in Resources */ = {isa = PBXBuildFile; fileRef = 6F7C87DA1DA6EF4B008D72CE /* Localizable.strings */; };
		76FA20CE3504B84EEFBAE253 /* libPods-ATMLocatorTests.a in Frameworks */ = {isa = PBXBuildFile; fileRef = 1597343397E137C89CF02F26 /* libPods-ATMLocatorTests.a */; };
/* End PBXBuildFile section */

/* Begin PBXContainerItemProxy section */
		6F4FE82A1DA2962F0041BC6F /* PBXContainerItemProxy */ = {
			isa = PBXContainerItemProxy;
			containerPortal = 6F4FE80D1DA2962F0041BC6F /* Project object */;
			proxyType = 1;
			remoteGlobalIDString = 6F4FE8141DA2962F0041BC6F;
			remoteInfo = ATMLocator;
		};
		6F4FE8351DA2962F0041BC6F /* PBXContainerItemProxy */ = {
			isa = PBXContainerItemProxy;
			containerPortal = 6F4FE80D1DA2962F0041BC6F /* Project object */;
			proxyType = 1;
			remoteGlobalIDString = 6F4FE8141DA2962F0041BC6F;
			remoteInfo = ATMLocator;
		};
/* End PBXContainerItemProxy section */

/* Begin PBXFileReference section */
		095D3A521DE3B0AEE990F320 /* Pods-ATMLocator.release.xcconfig */ = {isa = PBXFileReference; includeInIndex = 1; lastKnownFileType = text.xcconfig; name = "Pods-ATMLocator.release.xcconfig"; path = "Pods/Target Support Files/Pods-ATMLocator/Pods-ATMLocator.release.xcconfig"; sourceTree = "<group>"; };
		1597343397E137C89CF02F26 /* libPods-ATMLocatorTests.a */ = {isa = PBXFileReference; explicitFileType = archive.ar; includeInIndex = 0; path = "libPods-ATMLocatorTests.a"; sourceTree = BUILT_PRODUCTS_DIR; };
		2A117D1E567D3CBF6DFC5901 /* libPods-ATMLocator.a */ = {isa = PBXFileReference; explicitFileType = archive.ar; includeInIndex = 0; path = "libPods-ATMLocator.a"; sourceTree = BUILT_PRODUCTS_DIR; };
		3060D6901ED083954B02415C /* Pods-ATMLocatorTests.release.xcconfig */ = {isa = PBXFileReference; includeInIndex = 1; lastKnownFileType = text.xcconfig; name = "Pods-ATMLocatorTests.release.xcconfig"; path = "Pods/Target Support Files/Pods-ATMLocatorTests/Pods-ATMLocatorTests.release.xcconfig"; sourceTree = "<group>"; };
		6F4FE8151DA2962F0041BC6F /* ATMLocator.app */ = {isa = PBXFileReference; explicitFileType = wrapper.application; includeInIndex = 0; path = ATMLocator.app; sourceTree = BUILT_PRODUCTS_DIR; };
		6F4FE8181DA2962F0041BC6F /* AppDelegate.swift */ = {isa = PBXFileReference; lastKnownFileType = sourcecode.swift; path = AppDelegate.swift; sourceTree = "<group>"; };
		6F4FE81A1DA2962F0041BC6F /* ViewController.swift */ = {isa = PBXFileReference; lastKnownFileType = sourcecode.swift; path = ViewController.swift; sourceTree = "<group>"; };
		6F4FE81D1DA2962F0041BC6F /* Base */ = {isa = PBXFileReference; lastKnownFileType = file.storyboard; name = Base; path = Base.lproj/Main.storyboard; sourceTree = "<group>"; };
		6F4FE81F1DA2962F0041BC6F /* Assets.xcassets */ = {isa = PBXFileReference; lastKnownFileType = folder.assetcatalog; path = Assets.xcassets; sourceTree = "<group>"; };
		6F4FE8221DA2962F0041BC6F /* Base */ = {isa = PBXFileReference; lastKnownFileType = file.storyboard; name = Base; path = Base.lproj/LaunchScreen.storyboard; sourceTree = "<group>"; };
		6F4FE8241DA2962F0041BC6F /* Info.plist */ = {isa = PBXFileReference; lastKnownFileType = text.plist.xml; path = Info.plist; sourceTree = "<group>"; };
		6F4FE8291DA2962F0041BC6F /* ATMLocatorTests.xctest */ = {isa = PBXFileReference; explicitFileType = wrapper.cfbundle; includeInIndex = 0; path = ATMLocatorTests.xctest; sourceTree = BUILT_PRODUCTS_DIR; };
		6F4FE82D1DA2962F0041BC6F /* ATMLocatorTests.swift */ = {isa = PBXFileReference; lastKnownFileType = sourcecode.swift; path = ATMLocatorTests.swift; sourceTree = "<group>"; };
		6F4FE82F1DA2962F0041BC6F /* Info.plist */ = {isa = PBXFileReference; lastKnownFileType = text.plist.xml; path = Info.plist; sourceTree = "<group>"; };
		6F4FE8341DA2962F0041BC6F /* ATMLocatorUITests.xctest */ = {isa = PBXFileReference; explicitFileType = wrapper.cfbundle; includeInIndex = 0; path = ATMLocatorUITests.xctest; sourceTree = BUILT_PRODUCTS_DIR; };
		6F4FE8381DA2962F0041BC6F /* ATMLocatorUITests.swift */ = {isa = PBXFileReference; lastKnownFileType = sourcecode.swift; path = ATMLocatorUITests.swift; sourceTree = "<group>"; };
		6F4FE83A1DA2962F0041BC6F /* Info.plist */ = {isa = PBXFileReference; lastKnownFileType = text.plist.xml; path = Info.plist; sourceTree = "<group>"; };
		6F4FE84F1DA2A4D40041BC6F /* JPMCWebServices.swift */ = {isa = PBXFileReference; fileEncoding = 4; lastKnownFileType = sourcecode.swift; path = JPMCWebServices.swift; sourceTree = "<group>"; };
		6F4FE8541DA2A50C0041BC6F /* JPMCConstants.swift */ = {isa = PBXFileReference; fileEncoding = 4; lastKnownFileType = sourcecode.swift; path = JPMCConstants.swift; sourceTree = "<group>"; };
		6F4FE8591DA30A8B0041BC6F /* LocationDetailModel.swift */ = {isa = PBXFileReference; fileEncoding = 4; lastKnownFileType = sourcecode.swift; path = LocationDetailModel.swift; sourceTree = "<group>"; };
		6F6E2E811DA3DA9A009C847F /* ATMLocationDetailVC.swift */ = {isa = PBXFileReference; fileEncoding = 4; lastKnownFileType = sourcecode.swift; path = ATMLocationDetailVC.swift; sourceTree = "<group>"; };
		6F6E2E841DA42DAA009C847F /* App Config.plist */ = {isa = PBXFileReference; fileEncoding = 4; lastKnownFileType = text.plist.xml; path = "App Config.plist"; sourceTree = "<group>"; };
		6F6E2E861DA42E6A009C847F /* ATMUtility.swift */ = {isa = PBXFileReference; fileEncoding = 4; lastKnownFileType = sourcecode.swift; path = ATMUtility.swift; sourceTree = "<group>"; };
		6F7C87D81DA6AE7B008D72CE /* ATMLocatorMapUITests.swift */ = {isa = PBXFileReference; fileEncoding = 4; lastKnownFileType = sourcecode.swift; path = ATMLocatorMapUITests.swift; sourceTree = "<group>"; };
		6F7C87DA1DA6EF4B008D72CE /* Localizable.strings */ = {isa = PBXFileReference; fileEncoding = 4; lastKnownFileType = text.plist.strings; path = Localizable.strings; sourceTree = "<group>"; };
		8A1BEFFDE435A1FAE2FC4139 /* Pods-ATMLocatorUITests.release.xcconfig */ = {isa = PBXFileReference; includeInIndex = 1; lastKnownFileType = text.xcconfig; name = "Pods-ATMLocatorUITests.release.xcconfig"; path = "Pods/Target Support Files/Pods-ATMLocatorUITests/Pods-ATMLocatorUITests.release.xcconfig"; sourceTree = "<group>"; };
		C89D992E101A549B2828E330 /* Pods-ATMLocatorTests.debug.xcconfig */ = {isa = PBXFileReference; includeInIndex = 1; lastKnownFileType = text.xcconfig; name = "Pods-ATMLocatorTests.debug.xcconfig"; path = "Pods/Target Support Files/Pods-ATMLocatorTests/Pods-ATMLocatorTests.debug.xcconfig"; sourceTree = "<group>"; };
		CA21C92C30E0BA597C3ED73D /* Pods-ATMLocator.debug.xcconfig */ = {isa = PBXFileReference; includeInIndex = 1; lastKnownFileType = text.xcconfig; name = "Pods-ATMLocator.debug.xcconfig"; path = "Pods/Target Support Files/Pods-ATMLocator/Pods-ATMLocator.debug.xcconfig"; sourceTree = "<group>"; };
		F25C2C7AD49E1A79EA8D790D /* Pods-ATMLocatorUITests.debug.xcconfig */ = {isa = PBXFileReference; includeInIndex = 1; lastKnownFileType = text.xcconfig; name = "Pods-ATMLocatorUITests.debug.xcconfig"; path = "Pods/Target Support Files/Pods-ATMLocatorUITests/Pods-ATMLocatorUITests.debug.xcconfig"; sourceTree = "<group>"; };
		F53AAB7DEA642C7D5BA0C6EF /* libPods-ATMLocatorUITests.a */ = {isa = PBXFileReference; explicitFileType = archive.ar; includeInIndex = 0; path = "libPods-ATMLocatorUITests.a"; sourceTree = BUILT_PRODUCTS_DIR; };
/* End PBXFileReference section */

/* Begin PBXFrameworksBuildPhase section */
		6F4FE8121DA2962F0041BC6F /* Frameworks */ = {
			isa = PBXFrameworksBuildPhase;
			buildActionMask = 2147483647;
			files = (
				60A603FB7F7CD1E6506236A3 /* libPods-ATMLocator.a in Frameworks */,
			);
			runOnlyForDeploymentPostprocessing = 0;
		};
		6F4FE8261DA2962F0041BC6F /* Frameworks */ = {
			isa = PBXFrameworksBuildPhase;
			buildActionMask = 2147483647;
			files = (
				76FA20CE3504B84EEFBAE253 /* libPods-ATMLocatorTests.a in Frameworks */,
			);
			runOnlyForDeploymentPostprocessing = 0;
		};
		6F4FE8311DA2962F0041BC6F /* Frameworks */ = {
			isa = PBXFrameworksBuildPhase;
			buildActionMask = 2147483647;
			files = (
				378BC4A8EF968442044135AC /* libPods-ATMLocatorUITests.a in Frameworks */,
			);
			runOnlyForDeploymentPostprocessing = 0;
		};
/* End PBXFrameworksBuildPhase section */

/* Begin PBXGroup section */
		2F5F9B9D69B9E5259CF0F4E2 /* Frameworks */ = {
			isa = PBXGroup;
			children = (
				2A117D1E567D3CBF6DFC5901 /* libPods-ATMLocator.a */,
				1597343397E137C89CF02F26 /* libPods-ATMLocatorTests.a */,
				F53AAB7DEA642C7D5BA0C6EF /* libPods-ATMLocatorUITests.a */,
			);
			name = Frameworks;
			sourceTree = "<group>";
		};
		4D94A3B67D030DBD426787A2 /* Pods */ = {
			isa = PBXGroup;
			children = (
				CA21C92C30E0BA597C3ED73D /* Pods-ATMLocator.debug.xcconfig */,
				095D3A521DE3B0AEE990F320 /* Pods-ATMLocator.release.xcconfig */,
				C89D992E101A549B2828E330 /* Pods-ATMLocatorTests.debug.xcconfig */,
				3060D6901ED083954B02415C /* Pods-ATMLocatorTests.release.xcconfig */,
				F25C2C7AD49E1A79EA8D790D /* Pods-ATMLocatorUITests.debug.xcconfig */,
				8A1BEFFDE435A1FAE2FC4139 /* Pods-ATMLocatorUITests.release.xcconfig */,
			);
			name = Pods;
			sourceTree = "<group>";
		};
		6F4FE80C1DA2962F0041BC6F = {
			isa = PBXGroup;
			children = (
				6F4FE8171DA2962F0041BC6F /* ATMLocator */,
				6F4FE82C1DA2962F0041BC6F /* ATMLocatorTests */,
				6F4FE8371DA2962F0041BC6F /* ATMLocatorUITests */,
				6F4FE8161DA2962F0041BC6F /* Products */,
				4D94A3B67D030DBD426787A2 /* Pods */,
				2F5F9B9D69B9E5259CF0F4E2 /* Frameworks */,
			);
			sourceTree = "<group>";
		};
		6F4FE8161DA2962F0041BC6F /* Products */ = {
			isa = PBXGroup;
			children = (
				6F4FE8151DA2962F0041BC6F /* ATMLocator.app */,
				6F4FE8291DA2962F0041BC6F /* ATMLocatorTests.xctest */,
				6F4FE8341DA2962F0041BC6F /* ATMLocatorUITests.xctest */,
			);
			name = Products;
			sourceTree = "<group>";
		};
		6F4FE8171DA2962F0041BC6F /* ATMLocator */ = {
			isa = PBXGroup;
			children = (
				6F4FE8181DA2962F0041BC6F /* AppDelegate.swift */,
				6F4FE81A1DA2962F0041BC6F /* ViewController.swift */,
				6F6E2E811DA3DA9A009C847F /* ATMLocationDetailVC.swift */,
				6F4FE84E1DA2A4B90041BC6F /* JPMCWebServices */,
				6F4FE8531DA2A4F70041BC6F /* Utility */,
				6F4FE8581DA30A6F0041BC6F /* Models */,
				6F6E2E831DA42D44009C847F /* AppConfig */,
				6F4FE81C1DA2962F0041BC6F /* Main.storyboard */,
				6F4FE81F1DA2962F0041BC6F /* Assets.xcassets */,
				6F4FE8211DA2962F0041BC6F /* LaunchScreen.storyboard */,
				6F4FE8241DA2962F0041BC6F /* Info.plist */,
			);
			path = ATMLocator;
			sourceTree = "<group>";
		};
		6F4FE82C1DA2962F0041BC6F /* ATMLocatorTests */ = {
			isa = PBXGroup;
			children = (
				6F4FE82D1DA2962F0041BC6F /* ATMLocatorTests.swift */,
				6F4FE82F1DA2962F0041BC6F /* Info.plist */,
			);
			path = ATMLocatorTests;
			sourceTree = "<group>";
		};
		6F4FE8371DA2962F0041BC6F /* ATMLocatorUITests */ = {
			isa = PBXGroup;
			children = (
				6F4FE8381DA2962F0041BC6F /* ATMLocatorUITests.swift */,
				6F4FE83A1DA2962F0041BC6F /* Info.plist */,
				6F7C87D81DA6AE7B008D72CE /* ATMLocatorMapUITests.swift */,
			);
			path = ATMLocatorUITests;
			sourceTree = "<group>";
		};
		6F4FE84E1DA2A4B90041BC6F /* JPMCWebServices */ = {
			isa = PBXGroup;
			children = (
				6F4FE84F1DA2A4D40041BC6F /* JPMCWebServices.swift */,
			);
			name = JPMCWebServices;
			sourceTree = "<group>";
		};
		6F4FE8531DA2A4F70041BC6F /* Utility */ = {
			isa = PBXGroup;
			children = (
				6F4FE8541DA2A50C0041BC6F /* JPMCConstants.swift */,
				6F6E2E861DA42E6A009C847F /* ATMUtility.swift */,
				6F7C87DA1DA6EF4B008D72CE /* Localizable.strings */,
			);
			name = Utility;
			sourceTree = "<group>";
		};
		6F4FE8581DA30A6F0041BC6F /* Models */ = {
			isa = PBXGroup;
			children = (
				6F4FE8591DA30A8B0041BC6F /* LocationDetailModel.swift */,
			);
			name = Models;
			sourceTree = "<group>";
		};
		6F6E2E831DA42D44009C847F /* AppConfig */ = {
			isa = PBXGroup;
			children = (
				6F6E2E841DA42DAA009C847F /* App Config.plist */,
			);
			name = AppConfig;
			sourceTree = "<group>";
		};
/* End PBXGroup section */

/* Begin PBXNativeTarget section */
		6F4FE8141DA2962F0041BC6F /* ATMLocator */ = {
			isa = PBXNativeTarget;
			buildConfigurationList = 6F4FE83D1DA2962F0041BC6F /* Build configuration list for PBXNativeTarget "ATMLocator" */;
			buildPhases = (
				516AFB7806112A0DA93E602E /* [CP] Check Pods Manifest.lock */,
				6F4FE8111DA2962F0041BC6F /* Sources */,
				6F4FE8121DA2962F0041BC6F /* Frameworks */,
				6F4FE8131DA2962F0041BC6F /* Resources */,
				5876AA51214445D5998C87D2 /* [CP] Embed Pods Frameworks */,
				8D82ED237382FFCD85217B8D /* [CP] Copy Pods Resources */,
			);
			buildRules = (
			);
			dependencies = (
			);
			name = ATMLocator;
			productName = ATMLocator;
			productReference = 6F4FE8151DA2962F0041BC6F /* ATMLocator.app */;
			productType = "com.apple.product-type.application";
		};
		6F4FE8281DA2962F0041BC6F /* ATMLocatorTests */ = {
			isa = PBXNativeTarget;
			buildConfigurationList = 6F4FE8401DA2962F0041BC6F /* Build configuration list for PBXNativeTarget "ATMLocatorTests" */;
			buildPhases = (
				F9FAD27E91C650B6D6994FE2 /* [CP] Check Pods Manifest.lock */,
				6F4FE8251DA2962F0041BC6F /* Sources */,
				6F4FE8261DA2962F0041BC6F /* Frameworks */,
				6F4FE8271DA2962F0041BC6F /* Resources */,
				80D572559B06AB424A3D46FB /* [CP] Embed Pods Frameworks */,
				699B0B39EFE327E9C8A40173 /* [CP] Copy Pods Resources */,
			);
			buildRules = (
			);
			dependencies = (
				6F4FE82B1DA2962F0041BC6F /* PBXTargetDependency */,
			);
			name = ATMLocatorTests;
			productName = ATMLocatorTests;
			productReference = 6F4FE8291DA2962F0041BC6F /* ATMLocatorTests.xctest */;
			productType = "com.apple.product-type.bundle.unit-test";
		};
		6F4FE8331DA2962F0041BC6F /* ATMLocatorUITests */ = {
			isa = PBXNativeTarget;
			buildConfigurationList = 6F4FE8431DA2962F0041BC6F /* Build configuration list for PBXNativeTarget "ATMLocatorUITests" */;
			buildPhases = (
				579B1A323C67430BCE95052F /* [CP] Check Pods Manifest.lock */,
				6F4FE8301DA2962F0041BC6F /* Sources */,
				6F4FE8311DA2962F0041BC6F /* Frameworks */,
				6F4FE8321DA2962F0041BC6F /* Resources */,
				0A7A6A00A1D939A3A8CA28F0 /* [CP] Copy Pods Resources */,
			);
			buildRules = (
			);
			dependencies = (
				6F4FE8361DA2962F0041BC6F /* PBXTargetDependency */,
			);
			name = ATMLocatorUITests;
			productName = ATMLocatorUITests;
			productReference = 6F4FE8341DA2962F0041BC6F /* ATMLocatorUITests.xctest */;
			productType = "com.apple.product-type.bundle.ui-testing";
		};
/* End PBXNativeTarget section */

/* Begin PBXProject section */
		6F4FE80D1DA2962F0041BC6F /* Project object */ = {
			isa = PBXProject;
			attributes = {
				LastSwiftUpdateCheck = 0730;
				LastUpgradeCheck = 0730;
				ORGANIZATIONNAME = neelam_v;
				TargetAttributes = {
					6F4FE8141DA2962F0041BC6F = {
						CreatedOnToolsVersion = 7.3;
					};
					6F4FE8281DA2962F0041BC6F = {
						CreatedOnToolsVersion = 7.3;
						TestTargetID = 6F4FE8141DA2962F0041BC6F;
					};
					6F4FE8331DA2962F0041BC6F = {
						CreatedOnToolsVersion = 7.3;
						TestTargetID = 6F4FE8141DA2962F0041BC6F;
					};
				};
			};
			buildConfigurationList = 6F4FE8101DA2962F0041BC6F /* Build configuration list for PBXProject "ATMLocator" */;
			compatibilityVersion = "Xcode 3.2";
			developmentRegion = English;
			hasScannedForEncodings = 0;
			knownRegions = (
				en,
				Base,
			);
			mainGroup = 6F4FE80C1DA2962F0041BC6F;
			productRefGroup = 6F4FE8161DA2962F0041BC6F /* Products */;
			projectDirPath = "";
			projectRoot = "";
			targets = (
				6F4FE8141DA2962F0041BC6F /* ATMLocator */,
				6F4FE8281DA2962F0041BC6F /* ATMLocatorTests */,
				6F4FE8331DA2962F0041BC6F /* ATMLocatorUITests */,
			);
		};
/* End PBXProject section */

/* Begin PBXResourcesBuildPhase section */
		6F4FE8131DA2962F0041BC6F /* Resources */ = {
			isa = PBXResourcesBuildPhase;
			buildActionMask = 2147483647;
			files = (
				6F7C87DB1DA6EF4B008D72CE /* Localizable.strings in Resources */,
				6F4FE8231DA2962F0041BC6F /* LaunchScreen.storyboard in Resources */,
				6F6E2E851DA42DAA009C847F /* App Config.plist in Resources */,
				6F4FE8201DA2962F0041BC6F /* Assets.xcassets in Resources */,
				6F4FE81E1DA2962F0041BC6F /* Main.storyboard in Resources */,
			);
			runOnlyForDeploymentPostprocessing = 0;
		};
		6F4FE8271DA2962F0041BC6F /* Resources */ = {
			isa = PBXResourcesBuildPhase;
			buildActionMask = 2147483647;
			files = (
			);
			runOnlyForDeploymentPostprocessing = 0;
		};
		6F4FE8321DA2962F0041BC6F /* Resources */ = {
			isa = PBXResourcesBuildPhase;
			buildActionMask = 2147483647;
			files = (
			);
			runOnlyForDeploymentPostprocessing = 0;
		};
/* End PBXResourcesBuildPhase section */

/* Begin PBXShellScriptBuildPhase section */
		0A7A6A00A1D939A3A8CA28F0 /* [CP] Copy Pods Resources */ = {
			isa = PBXShellScriptBuildPhase;
			buildActionMask = 2147483647;
			files = (
			);
			inputPaths = (
			);
			name = "[CP] Copy Pods Resources";
			outputPaths = (
			);
			runOnlyForDeploymentPostprocessing = 0;
			shellPath = /bin/sh;
			shellScript = "\"${SRCROOT}/Pods/Target Support Files/Pods-ATMLocatorUITests/Pods-ATMLocatorUITests-resources.sh\"\n";
			showEnvVarsInLog = 0;
		};
		516AFB7806112A0DA93E602E /* [CP] Check Pods Manifest.lock */ = {
			isa = PBXShellScriptBuildPhase;
			buildActionMask = 2147483647;
			files = (
			);
			inputPaths = (
			);
			name = "[CP] Check Pods Manifest.lock";
			outputPaths = (
			);
			runOnlyForDeploymentPostprocessing = 0;
			shellPath = /bin/sh;
			shellScript = "diff \"${PODS_ROOT}/../Podfile.lock\" \"${PODS_ROOT}/Manifest.lock\" > /dev/null\nif [[ $? != 0 ]] ; then\n    cat << EOM\nerror: The sandbox is not in sync with the Podfile.lock. Run 'pod install' or update your CocoaPods installation.\nEOM\n    exit 1\nfi\n";
			showEnvVarsInLog = 0;
		};
		579B1A323C67430BCE95052F /* [CP] Check Pods Manifest.lock */ = {
			isa = PBXShellScriptBuildPhase;
			buildActionMask = 2147483647;
			files = (
			);
			inputPaths = (
			);
			name = "[CP] Check Pods Manifest.lock";
			outputPaths = (
			);
			runOnlyForDeploymentPostprocessing = 0;
			shellPath = /bin/sh;
			shellScript = "diff \"${PODS_ROOT}/../Podfile.lock\" \"${PODS_ROOT}/Manifest.lock\" > /dev/null\nif [[ $? != 0 ]] ; then\n    cat << EOM\nerror: The sandbox is not in sync with the Podfile.lock. Run 'pod install' or update your CocoaPods installation.\nEOM\n    exit 1\nfi\n";
			showEnvVarsInLog = 0;
		};
		5876AA51214445D5998C87D2 /* [CP] Embed Pods Frameworks */ = {
			isa = PBXShellScriptBuildPhase;
			buildActionMask = 2147483647;
			files = (
			);
			inputPaths = (
			);
			name = "[CP] Embed Pods Frameworks";
			outputPaths = (
			);
			runOnlyForDeploymentPostprocessing = 0;
			shellPath = /bin/sh;
			shellScript = "\"${SRCROOT}/Pods/Target Support Files/Pods-ATMLocator/Pods-ATMLocator-frameworks.sh\"\n";
			showEnvVarsInLog = 0;
		};
		699B0B39EFE327E9C8A40173 /* [CP] Copy Pods Resources */ = {
			isa = PBXShellScriptBuildPhase;
			buildActionMask = 2147483647;
			files = (
			);
			inputPaths = (
			);
			name = "[CP] Copy Pods Resources";
			outputPaths = (
			);
			runOnlyForDeploymentPostprocessing = 0;
			shellPath = /bin/sh;
			shellScript = "\"${SRCROOT}/Pods/Target Support Files/Pods-ATMLocatorTests/Pods-ATMLocatorTests-resources.sh\"\n";
			showEnvVarsInLog = 0;
		};
		80D572559B06AB424A3D46FB /* [CP] Embed Pods Frameworks */ = {
			isa = PBXShellScriptBuildPhase;
			buildActionMask = 2147483647;
			files = (
			);
			inputPaths = (
			);
			name = "[CP] Embed Pods Frameworks";
			outputPaths = (
			);
			runOnlyForDeploymentPostprocessing = 0;
			shellPath = /bin/sh;
			shellScript = "\"${SRCROOT}/Pods/Target Support Files/Pods-ATMLocatorTests/Pods-ATMLocatorTests-frameworks.sh\"\n";
			showEnvVarsInLog = 0;
		};
		8D82ED237382FFCD85217B8D /* [CP] Copy Pods Resources */ = {
			isa = PBXShellScriptBuildPhase;
			buildActionMask = 2147483647;
			files = (
			);
			inputPaths = (
			);
			name = "[CP] Copy Pods Resources";
			outputPaths = (
			);
			runOnlyForDeploymentPostprocessing = 0;
			shellPath = /bin/sh;
			shellScript = "\"${SRCROOT}/Pods/Target Support Files/Pods-ATMLocator/Pods-ATMLocator-resources.sh\"\n";
			showEnvVarsInLog = 0;
		};
		F9FAD27E91C650B6D6994FE2 /* [CP] Check Pods Manifest.lock */ = {
			isa = PBXShellScriptBuildPhase;
			buildActionMask = 2147483647;
			files = (
			);
			inputPaths = (
			);
			name = "[CP] Check Pods Manifest.lock";
			outputPaths = (
			);
			runOnlyForDeploymentPostprocessing = 0;
			shellPath = /bin/sh;
			shellScript = "diff \"${PODS_ROOT}/../Podfile.lock\" \"${PODS_ROOT}/Manifest.lock\" > /dev/null\nif [[ $? != 0 ]] ; then\n    cat << EOM\nerror: The sandbox is not in sync with the Podfile.lock. Run 'pod install' or update your CocoaPods installation.\nEOM\n    exit 1\nfi\n";
			showEnvVarsInLog = 0;
		};
/* End PBXShellScriptBuildPhase section */

/* Begin PBXSourcesBuildPhase section */
		6F4FE8111DA2962F0041BC6F /* Sources */ = {
			isa = PBXSourcesBuildPhase;
			buildActionMask = 2147483647;
			files = (
				6F4FE81B1DA2962F0041BC6F /* ViewController.swift in Sources */,
				6F6E2E821DA3DA9A009C847F /* ATMLocationDetailVC.swift in Sources */,
				6F4FE8551DA2A50C0041BC6F /* JPMCConstants.swift in Sources */,
				6F4FE8501DA2A4D40041BC6F /* JPMCWebServices.swift in Sources */,
				6F4FE8191DA2962F0041BC6F /* AppDelegate.swift in Sources */,
				6F4FE85A1DA30A8B0041BC6F /* LocationDetailModel.swift in Sources */,
				6F6E2E871DA42E6A009C847F /* ATMUtility.swift in Sources */,
			);
			runOnlyForDeploymentPostprocessing = 0;
		};
		6F4FE8251DA2962F0041BC6F /* Sources */ = {
			isa = PBXSourcesBuildPhase;
			buildActionMask = 2147483647;
			files = (
				6F4FE8511DA2A4D40041BC6F /* JPMCWebServices.swift in Sources */,
				6F4FE85B1DA30A8B0041BC6F /* LocationDetailModel.swift in Sources */,
				6F4FE8561DA2A50C0041BC6F /* JPMCConstants.swift in Sources */,
				6F4FE82E1DA2962F0041BC6F /* ATMLocatorTests.swift in Sources */,
			);
			runOnlyForDeploymentPostprocessing = 0;
		};
		6F4FE8301DA2962F0041BC6F /* Sources */ = {
			isa = PBXSourcesBuildPhase;
			buildActionMask = 2147483647;
			files = (
				6F7C87D91DA6AE7B008D72CE /* ATMLocatorMapUITests.swift in Sources */,
				6F4FE8521DA2A4D40041BC6F /* JPMCWebServices.swift in Sources */,
				6F4FE85C1DA30A8B0041BC6F /* LocationDetailModel.swift in Sources */,
				6F4FE8571DA2A50C0041BC6F /* JPMCConstants.swift in Sources */,
				6F4FE8391DA2962F0041BC6F /* ATMLocatorUITests.swift in Sources */,
			);
			runOnlyForDeploymentPostprocessing = 0;
		};
/* End PBXSourcesBuildPhase section */

/* Begin PBXTargetDependency section */
		6F4FE82B1DA2962F0041BC6F /* PBXTargetDependency */ = {
			isa = PBXTargetDependency;
			target = 6F4FE8141DA2962F0041BC6F /* ATMLocator */;
			targetProxy = 6F4FE82A1DA2962F0041BC6F /* PBXContainerItemProxy */;
		};
		6F4FE8361DA2962F0041BC6F /* PBXTargetDependency */ = {
			isa = PBXTargetDependency;
			target = 6F4FE8141DA2962F0041BC6F /* ATMLocator */;
			targetProxy = 6F4FE8351DA2962F0041BC6F /* PBXContainerItemProxy */;
		};
/* End PBXTargetDependency section */

/* Begin PBXVariantGroup section */
		6F4FE81C1DA2962F0041BC6F /* Main.storyboard */ = {
			isa = PBXVariantGroup;
			children = (
				6F4FE81D1DA2962F0041BC6F /* Base */,
			);
			name = Main.storyboard;
			sourceTree = "<group>";
		};
		6F4FE8211DA2962F0041BC6F /* LaunchScreen.storyboard */ = {
			isa = PBXVariantGroup;
			children = (
				6F4FE8221DA2962F0041BC6F /* Base */,
			);
			name = LaunchScreen.storyboard;
			sourceTree = "<group>";
		};
/* End PBXVariantGroup section */

/* Begin XCBuildConfiguration section */
		6F4FE83B1DA2962F0041BC6F /* Debug */ = {
			isa = XCBuildConfiguration;
			buildSettings = {
				ALWAYS_SEARCH_USER_PATHS = NO;
				CLANG_ANALYZER_NONNULL = YES;
				CLANG_CXX_LANGUAGE_STANDARD = "gnu++0x";
				CLANG_CXX_LIBRARY = "libc++";
				CLANG_ENABLE_MODULES = YES;
				CLANG_ENABLE_OBJC_ARC = YES;
				CLANG_WARN_BOOL_CONVERSION = YES;
				CLANG_WARN_CONSTANT_CONVERSION = YES;
				CLANG_WARN_DIRECT_OBJC_ISA_USAGE = YES_ERROR;
				CLANG_WARN_EMPTY_BODY = YES;
				CLANG_WARN_ENUM_CONVERSION = YES;
				CLANG_WARN_INT_CONVERSION = YES;
				CLANG_WARN_OBJC_ROOT_CLASS = YES_ERROR;
				CLANG_WARN_UNREACHABLE_CODE = YES;
				CLANG_WARN__DUPLICATE_METHOD_MATCH = YES;
				"CODE_SIGN_IDENTITY[sdk=iphoneos*]" = "iPhone Developer";
				COPY_PHASE_STRIP = NO;
				DEBUG_INFORMATION_FORMAT = dwarf;
				ENABLE_STRICT_OBJC_MSGSEND = YES;
				ENABLE_TESTABILITY = YES;
				FRAMEWORK_SEARCH_PATHS = "";
				GCC_C_LANGUAGE_STANDARD = gnu99;
				GCC_DYNAMIC_NO_PIC = NO;
				GCC_NO_COMMON_BLOCKS = YES;
				GCC_OPTIMIZATION_LEVEL = 0;
				GCC_PREPROCESSOR_DEFINITIONS = (
					"DEBUG=1",
					"$(inherited)",
				);
				GCC_WARN_64_TO_32_BIT_CONVERSION = YES;
				GCC_WARN_ABOUT_RETURN_TYPE = YES_ERROR;
				GCC_WARN_UNDECLARED_SELECTOR = YES;
				GCC_WARN_UNINITIALIZED_AUTOS = YES_AGGRESSIVE;
				GCC_WARN_UNUSED_FUNCTION = YES;
				GCC_WARN_UNUSED_VARIABLE = YES;
				IPHONEOS_DEPLOYMENT_TARGET = 9.3;
				MTL_ENABLE_DEBUG_INFO = YES;
				ONLY_ACTIVE_ARCH = YES;
				SDKROOT = iphoneos;
				SWIFT_OPTIMIZATION_LEVEL = "-Onone";
				TARGETED_DEVICE_FAMILY = "1,2";
			};
			name = Debug;
		};
		6F4FE83C1DA2962F0041BC6F /* Release */ = {
			isa = XCBuildConfiguration;
			buildSettings = {
				ALWAYS_SEARCH_USER_PATHS = NO;
				CLANG_ANALYZER_NONNULL = YES;
				CLANG_CXX_LANGUAGE_STANDARD = "gnu++0x";
				CLANG_CXX_LIBRARY = "libc++";
				CLANG_ENABLE_MODULES = YES;
				CLANG_ENABLE_OBJC_ARC = YES;
				CLANG_WARN_BOOL_CONVERSION = YES;
				CLANG_WARN_CONSTANT_CONVERSION = YES;
				CLANG_WARN_DIRECT_OBJC_ISA_USAGE = YES_ERROR;
				CLANG_WARN_EMPTY_BODY = YES;
				CLANG_WARN_ENUM_CONVERSION = YES;
				CLANG_WARN_INT_CONVERSION = YES;
				CLANG_WARN_OBJC_ROOT_CLASS = YES_ERROR;
				CLANG_WARN_UNREACHABLE_CODE = YES;
				CLANG_WARN__DUPLICATE_METHOD_MATCH = YES;
				"CODE_SIGN_IDENTITY[sdk=iphoneos*]" = "iPhone Developer";
				COPY_PHASE_STRIP = NO;
				DEBUG_INFORMATION_FORMAT = "dwarf-with-dsym";
				ENABLE_NS_ASSERTIONS = NO;
				ENABLE_STRICT_OBJC_MSGSEND = YES;
				FRAMEWORK_SEARCH_PATHS = "";
				GCC_C_LANGUAGE_STANDARD = gnu99;
				GCC_NO_COMMON_BLOCKS = YES;
				GCC_WARN_64_TO_32_BIT_CONVERSION = YES;
				GCC_WARN_ABOUT_RETURN_TYPE = YES_ERROR;
				GCC_WARN_UNDECLARED_SELECTOR = YES;
				GCC_WARN_UNINITIALIZED_AUTOS = YES_AGGRESSIVE;
				GCC_WARN_UNUSED_FUNCTION = YES;
				GCC_WARN_UNUSED_VARIABLE = YES;
				IPHONEOS_DEPLOYMENT_TARGET = 9.3;
				MTL_ENABLE_DEBUG_INFO = NO;
				SDKROOT = iphoneos;
				TARGETED_DEVICE_FAMILY = "1,2";
				VALIDATE_PRODUCT = YES;
			};
			name = Release;
		};
		6F4FE83E1DA2962F0041BC6F /* Debug */ = {
			isa = XCBuildConfiguration;
			baseConfigurationReference = CA21C92C30E0BA597C3ED73D /* Pods-ATMLocator.debug.xcconfig */;
			buildSettings = {
				ASSETCATALOG_COMPILER_APPICON_NAME = AppIcon;
				INFOPLIST_FILE = ATMLocator/Info.plist;
				LD_RUNPATH_SEARCH_PATHS = "$(inherited) @executable_path/Frameworks";
				PRODUCT_BUNDLE_IDENTIFIER = com.neelam.ATMLocator;
				PRODUCT_NAME = "$(TARGET_NAME)";
			};
			name = Debug;
		};
		6F4FE83F1DA2962F0041BC6F /* Release */ = {
			isa = XCBuildConfiguration;
			baseConfigurationReference = 095D3A521DE3B0AEE990F320 /* Pods-ATMLocator.release.xcconfig */;
			buildSettings = {
				ASSETCATALOG_COMPILER_APPICON_NAME = AppIcon;
				INFOPLIST_FILE = ATMLocator/Info.plist;
				LD_RUNPATH_SEARCH_PATHS = "$(inherited) @executable_path/Frameworks";
				PRODUCT_BUNDLE_IDENTIFIER = com.neelam.ATMLocator;
				PRODUCT_NAME = "$(TARGET_NAME)";
			};
			name = Release;
		};
		6F4FE8411DA2962F0041BC6F /* Debug */ = {
			isa = XCBuildConfiguration;
			baseConfigurationReference = C89D992E101A549B2828E330 /* Pods-ATMLocatorTests.debug.xcconfig */;
			buildSettings = {
				BUNDLE_LOADER = "$(TEST_HOST)";
				FRAMEWORK_SEARCH_PATHS = "$(inherited)";
				INFOPLIST_FILE = ATMLocatorTests/Info.plist;
				LD_RUNPATH_SEARCH_PATHS = "$(inherited) @executable_path/Frameworks @loader_path/Frameworks";
				PRODUCT_BUNDLE_IDENTIFIER = com.neelam.ATMLocatorTests;
				PRODUCT_NAME = "$(TARGET_NAME)";
				TEST_HOST = "$(BUILT_PRODUCTS_DIR)/ATMLocator.app/ATMLocator";
			};
			name = Debug;
		};
		6F4FE8421DA2962F0041BC6F /* Release */ = {
			isa = XCBuildConfiguration;
			baseConfigurationReference = 3060D6901ED083954B02415C /* Pods-ATMLocatorTests.release.xcconfig */;
			buildSettings = {
				BUNDLE_LOADER = "$(TEST_HOST)";
				FRAMEWORK_SEARCH_PATHS = "$(inherited)";
				INFOPLIST_FILE = ATMLocatorTests/Info.plist;
				LD_RUNPATH_SEARCH_PATHS = "$(inherited) @executable_path/Frameworks @loader_path/Frameworks";
				PRODUCT_BUNDLE_IDENTIFIER = com.neelam.ATMLocatorTests;
				PRODUCT_NAME = "$(TARGET_NAME)";
				TEST_HOST = "$(BUILT_PRODUCTS_DIR)/ATMLocator.app/ATMLocator";
			};
			name = Release;
		};
		6F4FE8441DA2962F0041BC6F /* Debug */ = {
			isa = XCBuildConfiguration;
			baseConfigurationReference = F25C2C7AD49E1A79EA8D790D /* Pods-ATMLocatorUITests.debug.xcconfig */;
			buildSettings = {
				FRAMEWORK_SEARCH_PATHS = "$(inherited)";
				INFOPLIST_FILE = ATMLocatorUITests/Info.plist;
				LD_RUNPATH_SEARCH_PATHS = "$(inherited) @executable_path/Frameworks @loader_path/Frameworks";
				PRODUCT_BUNDLE_IDENTIFIER = com.neelam.ATMLocatorUITests;
				PRODUCT_NAME = "$(TARGET_NAME)";
				TEST_TARGET_NAME = ATMLocator;
			};
			name = Debug;
		};
		6F4FE8451DA2962F0041BC6F /* Release */ = {
			isa = XCBuildConfiguration;
			baseConfigurationReference = 8A1BEFFDE435A1FAE2FC4139 /* Pods-ATMLocatorUITests.release.xcconfig */;
			buildSettings = {
				FRAMEWORK_SEARCH_PATHS = "$(inherited)";
				INFOPLIST_FILE = ATMLocatorUITests/Info.plist;
				LD_RUNPATH_SEARCH_PATHS = "$(inherited) @executable_path/Frameworks @loader_path/Frameworks";
				PRODUCT_BUNDLE_IDENTIFIER = com.neelam.ATMLocatorUITests;
				PRODUCT_NAME = "$(TARGET_NAME)";
				TEST_TARGET_NAME = ATMLocator;
			};
			name = Release;
		};
/* End XCBuildConfiguration section */

/* Begin XCConfigurationList section */
		6F4FE8101DA2962F0041BC6F /* Build configuration list for PBXProject "ATMLocator" */ = {
			isa = XCConfigurationList;
			buildConfigurations = (
				6F4FE83B1DA2962F0041BC6F /* Debug */,
				6F4FE83C1DA2962F0041BC6F /* Release */,
			);
			defaultConfigurationIsVisible = 0;
			defaultConfigurationName = Release;
		};
		6F4FE83D1DA2962F0041BC6F /* Build configuration list for PBXNativeTarget "ATMLocator" */ = {
			isa = XCConfigurationList;
			buildConfigurations = (
				6F4FE83E1DA2962F0041BC6F /* Debug */,
				6F4FE83F1DA2962F0041BC6F /* Release */,
			);
			defaultConfigurationIsVisible = 0;
			defaultConfigurationName = Release;
		};
		6F4FE8401DA2962F0041BC6F /* Build configuration list for PBXNativeTarget "ATMLocatorTests" */ = {
			isa = XCConfigurationList;
			buildConfigurations = (
				6F4FE8411DA2962F0041BC6F /* Debug */,
				6F4FE8421DA2962F0041BC6F /* Release */,
			);
			defaultConfigurationIsVisible = 0;
			defaultConfigurationName = Release;
		};
		6F4FE8431DA2962F0041BC6F /* Build configuration list for PBXNativeTarget "ATMLocatorUITests" */ = {
			isa = XCConfigurationList;
			buildConfigurations = (
				6F4FE8441DA2962F0041BC6F /* Debug */,
				6F4FE8451DA2962F0041BC6F /* Release */,
			);
			defaultConfigurationIsVisible = 0;
			defaultConfigurationName = Release;
		};
/* End XCConfigurationList section */
	};
	rootObject = 6F4FE80D1DA2962F0041BC6F /* Project object */;
}
